// !$*UTF8*$!
{
	archiveVersion = 1;
	classes = {
	};
	objectVersion = 50;
	objects = {

/* Begin PBXBuildFile section */
		8A697C2026243E9400EA820D /* AltaiCafeApp.swift in Sources */ = {isa = PBXBuildFile; fileRef = 8A697C1F26243E9400EA820D /* AltaiCafeApp.swift */; };
		8A697C2426243E9600EA820D /* Assets.xcassets in Resources */ = {isa = PBXBuildFile; fileRef = 8A697C2326243E9600EA820D /* Assets.xcassets */; };
		8A697C2726243E9600EA820D /* Preview Assets.xcassets in Resources */ = {isa = PBXBuildFile; fileRef = 8A697C2626243E9600EA820D /* Preview Assets.xcassets */; };
/* End PBXBuildFile section */

/* Begin PBXFileReference section */
		8A697C1C26243E9400EA820D /* AltaiCafe.app */ = {isa = PBXFileReference; explicitFileType = wrapper.application; includeInIndex = 0; path = AltaiCafe.app; sourceTree = BUILT_PRODUCTS_DIR; };
		8A697C1F26243E9400EA820D /* AltaiCafeApp.swift */ = {isa = PBXFileReference; lastKnownFileType = sourcecode.swift; path = AltaiCafeApp.swift; sourceTree = "<group>"; };
		8A697C2326243E9600EA820D /* Assets.xcassets */ = {isa = PBXFileReference; lastKnownFileType = folder.assetcatalog; path = Assets.xcassets; sourceTree = "<group>"; };
		8A697C2626243E9600EA820D /* Preview Assets.xcassets */ = {isa = PBXFileReference; lastKnownFileType = folder.assetcatalog; path = "Preview Assets.xcassets"; sourceTree = "<group>"; };
		8A697C2826243E9600EA820D /* Info.plist */ = {isa = PBXFileReference; lastKnownFileType = text.plist.xml; path = Info.plist; sourceTree = "<group>"; };
/* End PBXFileReference section */

/* Begin PBXFrameworksBuildPhase section */
		8A697C1926243E9400EA820D /* Frameworks */ = {
			isa = PBXFrameworksBuildPhase;
			buildActionMask = 2147483647;
			files = (
			);
			runOnlyForDeploymentPostprocessing = 0;
		};
/* End PBXFrameworksBuildPhase section */

/* Begin PBXGroup section */
		8A697C1326243E9400EA820D = {
			isa = PBXGroup;
			children = (
				8A697C1E26243E9400EA820D /* AltaiCafe */,
				8A697C1D26243E9400EA820D /* Products */,
			);
			sourceTree = "<group>";
		};
		8A697C1D26243E9400EA820D /* Products */ = {
			isa = PBXGroup;
			children = (
				8A697C1C26243E9400EA820D /* AltaiCafe.app */,
			);
			name = Products;
			sourceTree = "<group>";
		};
		8A697C1E26243E9400EA820D /* AltaiCafe */ = {
			isa = PBXGroup;
			children = (
				8A697C3626243F0200EA820D /* Data */,
				8A697C3826243F1000EA820D /* Domain */,
				8A697C3726243F0C00EA820D /* Presentation */,
				8A697C2F26243EA200EA820D /* Others */,
			);
			path = AltaiCafe;
			sourceTree = "<group>";
		};
		8A697C2526243E9600EA820D /* Preview Content */ = {
			isa = PBXGroup;
			children = (
				8A697C2626243E9600EA820D /* Preview Assets.xcassets */,
			);
			path = "Preview Content";
			sourceTree = "<group>";
		};
		8A697C2F26243EA200EA820D /* Others */ = {
			isa = PBXGroup;
			children = (
			);
			name = Others;
			sourceTree = "<group>";
		};
		8A697C3626243F0200EA820D /* Data */ = {
			isa = PBXGroup;
			children = (
			);
			path = Data;
			sourceTree = "<group>";
		};
		8A697C3726243F0C00EA820D /* Presentation */ = {
			isa = PBXGroup;
			children = (
				8A697C3F26243FA500EA820D /* Assets */,
				8A697C3926243F3100EA820D /* Others */,
				8A697C4026243FB400EA820D /* Views */,
				8A697C1F26243E9400EA820D /* AltaiCafeApp.swift */,
			);
			path = Presentation;
			sourceTree = "<group>";
		};
		8A697C3826243F1000EA820D /* Domain */ = {
			isa = PBXGroup;
			children = (
			);
			path = Domain;
			sourceTree = "<group>";
		};
		8A697C3926243F3100EA820D /* Others */ = {
			isa = PBXGroup;
			children = (
				8A697C2826243E9600EA820D /* Info.plist */,
				8A697C2526243E9600EA820D /* Preview Content */,
			);
			path = Others;
			sourceTree = "<group>";
		};
		8A697C3F26243FA500EA820D /* Assets */ = {
			isa = PBXGroup;
			children = (
				8A697C2326243E9600EA820D /* Assets.xcassets */,
			);
			path = Assets;
			sourceTree = "<group>";
		};
		8A697C4026243FB400EA820D /* Views */ = {
			isa = PBXGroup;
			children = (
			);
			path = Views;
			sourceTree = "<group>";
		};
/* End PBXGroup section */

/* Begin PBXNativeTarget section */
		8A697C1B26243E9400EA820D /* AltaiCafe */ = {
			isa = PBXNativeTarget;
			buildConfigurationList = 8A697C2B26243E9600EA820D /* Build configuration list for PBXNativeTarget "AltaiCafe" */;
			buildPhases = (
				8A697C1826243E9400EA820D /* Sources */,
				8A697C1926243E9400EA820D /* Frameworks */,
				8A697C1A26243E9400EA820D /* Resources */,
			);
			buildRules = (
			);
			dependencies = (
			);
			name = AltaiCafe;
			productName = AltaiCafe;
			productReference = 8A697C1C26243E9400EA820D /* AltaiCafe.app */;
			productType = "com.apple.product-type.application";
		};
/* End PBXNativeTarget section */

/* Begin PBXProject section */
		8A697C1426243E9400EA820D /* Project object */ = {
			isa = PBXProject;
			attributes = {
				LastSwiftUpdateCheck = 1240;
				LastUpgradeCheck = 1240;
				TargetAttributes = {
					8A697C1B26243E9400EA820D = {
						CreatedOnToolsVersion = 12.4;
					};
				};
			};
			buildConfigurationList = 8A697C1726243E9400EA820D /* Build configuration list for PBXProject "AltaiCafe" */;
			compatibilityVersion = "Xcode 9.3";
			developmentRegion = en;
			hasScannedForEncodings = 0;
			knownRegions = (
				en,
				Base,
			);
			mainGroup = 8A697C1326243E9400EA820D;
			productRefGroup = 8A697C1D26243E9400EA820D /* Products */;
			projectDirPath = "";
			projectRoot = "";
			targets = (
				8A697C1B26243E9400EA820D /* AltaiCafe */,
			);
		};
/* End PBXProject section */

/* Begin PBXResourcesBuildPhase section */
		8A697C1A26243E9400EA820D /* Resources */ = {
			isa = PBXResourcesBuildPhase;
			buildActionMask = 2147483647;
			files = (
				8A697C2726243E9600EA820D /* Preview Assets.xcassets in Resources */,
				8A697C2426243E9600EA820D /* Assets.xcassets in Resources */,
			);
			runOnlyForDeploymentPostprocessing = 0;
		};
/* End PBXResourcesBuildPhase section */

/* Begin PBXSourcesBuildPhase section */
		8A697C1826243E9400EA820D /* Sources */ = {
			isa = PBXSourcesBuildPhase;
			buildActionMask = 2147483647;
			files = (
				8A697C2026243E9400EA820D /* AltaiCafeApp.swift in Sources */,
			);
			runOnlyForDeploymentPostprocessing = 0;
		};
/* End PBXSourcesBuildPhase section */

/* Begin XCBuildConfiguration section */
		8A697C2926243E9600EA820D /* Debug */ = {
			isa = XCBuildConfiguration;
			buildSettings = {
				ALWAYS_SEARCH_USER_PATHS = NO;
				CLANG_ANALYZER_NONNULL = YES;
				CLANG_ANALYZER_NUMBER_OBJECT_CONVERSION = YES_AGGRESSIVE;
				CLANG_CXX_LANGUAGE_STANDARD = "gnu++14";
				CLANG_CXX_LIBRARY = "libc++";
				CLANG_ENABLE_MODULES = YES;
				CLANG_ENABLE_OBJC_ARC = YES;
				CLANG_ENABLE_OBJC_WEAK = YES;
				CLANG_WARN_BLOCK_CAPTURE_AUTORELEASING = YES;
				CLANG_WARN_BOOL_CONVERSION = YES;
				CLANG_WARN_COMMA = YES;
				CLANG_WARN_CONSTANT_CONVERSION = YES;
				CLANG_WARN_DEPRECATED_OBJC_IMPLEMENTATIONS = YES;
				CLANG_WARN_DIRECT_OBJC_ISA_USAGE = YES_ERROR;
				CLANG_WARN_DOCUMENTATION_COMMENTS = YES;
				CLANG_WARN_EMPTY_BODY = YES;
				CLANG_WARN_ENUM_CONVERSION = YES;
				CLANG_WARN_INFINITE_RECURSION = YES;
				CLANG_WARN_INT_CONVERSION = YES;
				CLANG_WARN_NON_LITERAL_NULL_CONVERSION = YES;
				CLANG_WARN_OBJC_IMPLICIT_RETAIN_SELF = YES;
				CLANG_WARN_OBJC_LITERAL_CONVERSION = YES;
				CLANG_WARN_OBJC_ROOT_CLASS = YES_ERROR;
				CLANG_WARN_QUOTED_INCLUDE_IN_FRAMEWORK_HEADER = YES;
				CLANG_WARN_RANGE_LOOP_ANALYSIS = YES;
				CLANG_WARN_STRICT_PROTOTYPES = YES;
				CLANG_WARN_SUSPICIOUS_MOVE = YES;
				CLANG_WARN_UNGUARDED_AVAILABILITY = YES_AGGRESSIVE;
				CLANG_WARN_UNREACHABLE_CODE = YES;
				CLANG_WARN__DUPLICATE_METHOD_MATCH = YES;
				COPY_PHASE_STRIP = NO;
				DEBUG_INFORMATION_FORMAT = dwarf;
				ENABLE_STRICT_OBJC_MSGSEND = YES;
				ENABLE_TESTABILITY = YES;
				GCC_C_LANGUAGE_STANDARD = gnu11;
				GCC_DYNAMIC_NO_PIC = NO;
				GCC_NO_COMMON_BLOCKS = YES;
				GCC_OPTIMIZATION_LEVEL = 0;
				GCC_PREPROCESSOR_DEFINITIONS = (
					"DEBUG=1",
					"$(inherited)",
				);
				GCC_WARN_64_TO_32_BIT_CONVERSION = YES;
				GCC_WARN_ABOUT_RETURN_TYPE = YES_ERROR;
				GCC_WARN_UNDECLARED_SELECTOR = YES;
				GCC_WARN_UNINITIALIZED_AUTOS = YES_AGGRESSIVE;
				GCC_WARN_UNUSED_FUNCTION = YES;
				GCC_WARN_UNUSED_VARIABLE = YES;
				IPHONEOS_DEPLOYMENT_TARGET = 14.4;
				MTL_ENABLE_DEBUG_INFO = INCLUDE_SOURCE;
				MTL_FAST_MATH = YES;
				ONLY_ACTIVE_ARCH = YES;
				SDKROOT = iphoneos;
				SWIFT_ACTIVE_COMPILATION_CONDITIONS = DEBUG;
				SWIFT_OPTIMIZATION_LEVEL = "-Onone";
			};
			name = Debug;
		};
		8A697C2A26243E9600EA820D /* Release */ = {
			isa = XCBuildConfiguration;
			buildSettings = {
				ALWAYS_SEARCH_USER_PATHS = NO;
				CLANG_ANALYZER_NONNULL = YES;
				CLANG_ANALYZER_NUMBER_OBJECT_CONVERSION = YES_AGGRESSIVE;
				CLANG_CXX_LANGUAGE_STANDARD = "gnu++14";
				CLANG_CXX_LIBRARY = "libc++";
				CLANG_ENABLE_MODULES = YES;
				CLANG_ENABLE_OBJC_ARC = YES;
				CLANG_ENABLE_OBJC_WEAK = YES;
				CLANG_WARN_BLOCK_CAPTURE_AUTORELEASING = YES;
				CLANG_WARN_BOOL_CONVERSION = YES;
				CLANG_WARN_COMMA = YES;
				CLANG_WARN_CONSTANT_CONVERSION = YES;
				CLANG_WARN_DEPRECATED_OBJC_IMPLEMENTATIONS = YES;
				CLANG_WARN_DIRECT_OBJC_ISA_USAGE = YES_ERROR;
				CLANG_WARN_DOCUMENTATION_COMMENTS = YES;
				CLANG_WARN_EMPTY_BODY = YES;
				CLANG_WARN_ENUM_CONVERSION = YES;
				CLANG_WARN_INFINITE_RECURSION = YES;
				CLANG_WARN_INT_CONVERSION = YES;
				CLANG_WARN_NON_LITERAL_NULL_CONVERSION = YES;
				CLANG_WARN_OBJC_IMPLICIT_RETAIN_SELF = YES;
				CLANG_WARN_OBJC_LITERAL_CONVERSION = YES;
				CLANG_WARN_OBJC_ROOT_CLASS = YES_ERROR;
				CLANG_WARN_QUOTED_INCLUDE_IN_FRAMEWORK_HEADER = YES;
				CLANG_WARN_RANGE_LOOP_ANALYSIS = YES;
				CLANG_WARN_STRICT_PROTOTYPES = YES;
				CLANG_WARN_SUSPICIOUS_MOVE = YES;
				CLANG_WARN_UNGUARDED_AVAILABILITY = YES_AGGRESSIVE;
				CLANG_WARN_UNREACHABLE_CODE = YES;
				CLANG_WARN__DUPLICATE_METHOD_MATCH = YES;
				COPY_PHASE_STRIP = NO;
				DEBUG_INFORMATION_FORMAT = "dwarf-with-dsym";
				ENABLE_NS_ASSERTIONS = NO;
				ENABLE_STRICT_OBJC_MSGSEND = YES;
				GCC_C_LANGUAGE_STANDARD = gnu11;
				GCC_NO_COMMON_BLOCKS = YES;
				GCC_WARN_64_TO_32_BIT_CONVERSION = YES;
				GCC_WARN_ABOUT_RETURN_TYPE = YES_ERROR;
				GCC_WARN_UNDECLARED_SELECTOR = YES;
				GCC_WARN_UNINITIALIZED_AUTOS = YES_AGGRESSIVE;
				GCC_WARN_UNUSED_FUNCTION = YES;
				GCC_WARN_UNUSED_VARIABLE = YES;
				IPHONEOS_DEPLOYMENT_TARGET = 14.4;
				MTL_ENABLE_DEBUG_INFO = NO;
				MTL_FAST_MATH = YES;
				SDKROOT = iphoneos;
				SWIFT_COMPILATION_MODE = wholemodule;
				SWIFT_OPTIMIZATION_LEVEL = "-O";
				VALIDATE_PRODUCT = YES;
			};
			name = Release;
		};
		8A697C2C26243E9600EA820D /* Debug */ = {
			isa = XCBuildConfiguration;
			buildSettings = {
				ASSETCATALOG_COMPILER_APPICON_NAME = AppIcon;
				ASSETCATALOG_COMPILER_GLOBAL_ACCENT_COLOR_NAME = AccentColor;
				CODE_SIGN_STYLE = Automatic;
				DEVELOPMENT_ASSET_PATHS = "\"AltaiCafe/Presentation/Others/Preview Content\"";
				ENABLE_PREVIEWS = YES;
				INFOPLIST_FILE = AltaiCafe/Presentation/Others/Info.plist;
				IPHONEOS_DEPLOYMENT_TARGET = 14.0;
				LD_RUNPATH_SEARCH_PATHS = (
					"$(inherited)",
					"@executable_path/Frameworks",
				);
				PRODUCT_BUNDLE_IDENTIFIER = com.baevra.AltaiCafe;
				PRODUCT_NAME = "$(TARGET_NAME)";
				SWIFT_VERSION = 5.0;
				TARGETED_DEVICE_FAMILY = "1,2";
			};
			name = Debug;
		};
		8A697C2D26243E9600EA820D /* Release */ = {
			isa = XCBuildConfiguration;
			buildSettings = {
				ASSETCATALOG_COMPILER_APPICON_NAME = AppIcon;
				ASSETCATALOG_COMPILER_GLOBAL_ACCENT_COLOR_NAME = AccentColor;
				CODE_SIGN_STYLE = Automatic;
				DEVELOPMENT_ASSET_PATHS = "\"AltaiCafe/Presentation/Others/Preview Content\"";
				ENABLE_PREVIEWS = YES;
				INFOPLIST_FILE = AltaiCafe/Presentation/Others/Info.plist;
				IPHONEOS_DEPLOYMENT_TARGET = 14.0;
				LD_RUNPATH_SEARCH_PATHS = (
					"$(inherited)",
					"@executable_path/Frameworks",
				);
				PRODUCT_BUNDLE_IDENTIFIER = com.baevra.AltaiCafe;
				PRODUCT_NAME = "$(TARGET_NAME)";
				SWIFT_VERSION = 5.0;
				TARGETED_DEVICE_FAMILY = "1,2";
			};
			name = Release;
		};
/* End XCBuildConfiguration section */

/* Begin XCConfigurationList section */
		8A697C1726243E9400EA820D /* Build configuration list for PBXProject "AltaiCafe" */ = {
			isa = XCConfigurationList;
			buildConfigurations = (
				8A697C2926243E9600EA820D /* Debug */,
				8A697C2A26243E9600EA820D /* Release */,
			);
			defaultConfigurationIsVisible = 0;
			defaultConfigurationName = Release;
		};
		8A697C2B26243E9600EA820D /* Build configuration list for PBXNativeTarget "AltaiCafe" */ = {
			isa = XCConfigurationList;
			buildConfigurations = (
				8A697C2C26243E9600EA820D /* Debug */,
				8A697C2D26243E9600EA820D /* Release */,
			);
			defaultConfigurationIsVisible = 0;
			defaultConfigurationName = Release;
		};
/* End XCConfigurationList section */
	};
	rootObject = 8A697C1426243E9400EA820D /* Project object */;
}
