// !$*UTF8*$!
{
	archiveVersion = 1;
	classes = {
	};
	objectVersion = 50;
	objects = {

/* Begin PBXBuildFile section */
		8A312FC02660CE1B00CF5A8B /* SigninView.swift in Sources */ = {isa = PBXBuildFile; fileRef = 8A312FBF2660CE1B00CF5A8B /* SigninView.swift */; };
		8A312FC22660CE2400CF5A8B /* SigninViewBuilder.swift in Sources */ = {isa = PBXBuildFile; fileRef = 8A312FC12660CE2400CF5A8B /* SigninViewBuilder.swift */; };
		8A312FC62660D3C600CF5A8B /* InputGroup.swift in Sources */ = {isa = PBXBuildFile; fileRef = 8A312FC52660D3C600CF5A8B /* InputGroup.swift */; };
		8A312FC82660D3CB00CF5A8B /* InputError.swift in Sources */ = {isa = PBXBuildFile; fileRef = 8A312FC72660D3CB00CF5A8B /* InputError.swift */; };
		8A312FCA2660D4CA00CF5A8B /* SigninViewModel.swift in Sources */ = {isa = PBXBuildFile; fileRef = 8A312FC92660D4CA00CF5A8B /* SigninViewModel.swift */; };
		8A312FCC2660D52300CF5A8B /* SigninDraft.swift in Sources */ = {isa = PBXBuildFile; fileRef = 8A312FCB2660D52300CF5A8B /* SigninDraft.swift */; };
		8A312FD02660DFA400CF5A8B /* ValidateEmailUseCase.swift in Sources */ = {isa = PBXBuildFile; fileRef = 8A312FCF2660DFA400CF5A8B /* ValidateEmailUseCase.swift */; };
		8A312FD22660DFAD00CF5A8B /* ValidateLoginUseCase.swift in Sources */ = {isa = PBXBuildFile; fileRef = 8A312FD12660DFAD00CF5A8B /* ValidateLoginUseCase.swift */; };
		8A312FD42660DFB800CF5A8B /* ValidatePasswordUseCase.swift in Sources */ = {isa = PBXBuildFile; fileRef = 8A312FD32660DFB800CF5A8B /* ValidatePasswordUseCase.swift */; };
		8A312FD62660DFD600CF5A8B /* ValidatePasswordsUseCase.swift in Sources */ = {isa = PBXBuildFile; fileRef = 8A312FD52660DFD600CF5A8B /* ValidatePasswordsUseCase.swift */; };
		8A312FDC2660E71E00CF5A8B /* SigninUseCase.swift in Sources */ = {isa = PBXBuildFile; fileRef = 8A312FDB2660E71E00CF5A8B /* SigninUseCase.swift */; };
		8A312FE42660ECA800CF5A8B /* AltaiCafeUITests.swift in Sources */ = {isa = PBXBuildFile; fileRef = 8A312FE32660ECA800CF5A8B /* AltaiCafeUITests.swift */; };
		8A3130322661027800CF5A8B /* AltaiCafeTests.swift in Sources */ = {isa = PBXBuildFile; fileRef = 8A3130312661027800CF5A8B /* AltaiCafeTests.swift */; };
		8A3130392661027C00CF5A8B /* ValidateEmailUseCaseTests.swift in Sources */ = {isa = PBXBuildFile; fileRef = 8A312FED2660ED1300CF5A8B /* ValidateEmailUseCaseTests.swift */; };
		8A31303B2661032F00CF5A8B /* SigninViewModelTests.swift in Sources */ = {isa = PBXBuildFile; fileRef = 8A31303A2661032F00CF5A8B /* SigninViewModelTests.swift */; };
		8A31303D2661093400CF5A8B /* SigninQuery.swift in Sources */ = {isa = PBXBuildFile; fileRef = 8A31303C2661093400CF5A8B /* SigninQuery.swift */; };
		8A31303F2661097000CF5A8B /* SigninQueryDefault.swift in Sources */ = {isa = PBXBuildFile; fileRef = 8A31303E2661097000CF5A8B /* SigninQueryDefault.swift */; };
		8A31304126610C4D00CF5A8B /* SendAnalyticsUseCase.swift in Sources */ = {isa = PBXBuildFile; fileRef = 8A31304026610C4D00CF5A8B /* SendAnalyticsUseCase.swift */; };
		8A4CAC2D263965ED00D163A4 /* ForEachBuilder.swift in Sources */ = {isa = PBXBuildFile; fileRef = 8A4CAC2C263965ED00D163A4 /* ForEachBuilder.swift */; };
		8A4CAC4126397A4F00D163A4 /* ArticlesDataStorage.swift in Sources */ = {isa = PBXBuildFile; fileRef = 8A4CAC4026397A4F00D163A4 /* ArticlesDataStorage.swift */; };
		8A4CAC43263AA9FF00D163A4 /* GetNewsArticleViewsCountQuery.swift in Sources */ = {isa = PBXBuildFile; fileRef = 8A4CAC42263AA9FF00D163A4 /* GetNewsArticleViewsCountQuery.swift */; };
		8A4CAC45263AAA2100D163A4 /* GetNewsArticleCommentsCountQuery.swift in Sources */ = {isa = PBXBuildFile; fileRef = 8A4CAC44263AAA2100D163A4 /* GetNewsArticleCommentsCountQuery.swift */; };
		8A4CAC47263AAA9F00D163A4 /* GetNewsArticleCommentsCountUseCaseDefault.swift in Sources */ = {isa = PBXBuildFile; fileRef = 8A4CAC46263AAA9F00D163A4 /* GetNewsArticleCommentsCountUseCaseDefault.swift */; };
		8A4CAC49263AABFA00D163A4 /* GetNewsArticleViewsCountQueryDefault.swift in Sources */ = {isa = PBXBuildFile; fileRef = 8A4CAC48263AABFA00D163A4 /* GetNewsArticleViewsCountQueryDefault.swift */; };
		8A4CAC4B263AAE0500D163A4 /* GetNewsArticleCommentsCountQueryDefault.swift in Sources */ = {isa = PBXBuildFile; fileRef = 8A4CAC4A263AAE0500D163A4 /* GetNewsArticleCommentsCountQueryDefault.swift */; };
		8A697C2026243E9400EA820D /* AltaiCafeApp.swift in Sources */ = {isa = PBXBuildFile; fileRef = 8A697C1F26243E9400EA820D /* AltaiCafeApp.swift */; };
		8A697C2426243E9600EA820D /* Assets.xcassets in Resources */ = {isa = PBXBuildFile; fileRef = 8A697C2326243E9600EA820D /* Assets.xcassets */; };
		8A697C2726243E9600EA820D /* Preview Assets.xcassets in Resources */ = {isa = PBXBuildFile; fileRef = 8A697C2626243E9600EA820D /* Preview Assets.xcassets */; };
		8AC99C6D26272C3C00387615 /* MenuView.swift in Sources */ = {isa = PBXBuildFile; fileRef = 8AC99C6C26272C3C00387615 /* MenuView.swift */; };
		8AC99C7026272C4200387615 /* MenuViewBuilder.swift in Sources */ = {isa = PBXBuildFile; fileRef = 8AC99C6F26272C4200387615 /* MenuViewBuilder.swift */; };
		8AC99C7426272C9300387615 /* ViewModel.swift in Sources */ = {isa = PBXBuildFile; fileRef = 8AC99C7326272C9300387615 /* ViewModel.swift */; };
		8AC99C7926272CB600387615 /* ViewModelable.swift in Sources */ = {isa = PBXBuildFile; fileRef = 8AC99C7826272CB600387615 /* ViewModelable.swift */; };
		8AC99C7C26272CCD00387615 /* BaseState.swift in Sources */ = {isa = PBXBuildFile; fileRef = 8AC99C7B26272CCD00387615 /* BaseState.swift */; };
		8AC99C932628906A00387615 /* NewsArticle.swift in Sources */ = {isa = PBXBuildFile; fileRef = 8AC99C922628906A00387615 /* NewsArticle.swift */; };
		8AC99C96262890B000387615 /* Typealiases.swift in Sources */ = {isa = PBXBuildFile; fileRef = 8AC99C95262890B000387615 /* Typealiases.swift */; };
		8AC99C992628910B00387615 /* GetNewsArticleCommentsCountUseCase.swift in Sources */ = {isa = PBXBuildFile; fileRef = 8AC99C982628910B00387615 /* GetNewsArticleCommentsCountUseCase.swift */; };
		8AC99C9C2628912200387615 /* GetNewsArticleViewsCountUseCase.swift in Sources */ = {isa = PBXBuildFile; fileRef = 8AC99C9B2628912200387615 /* GetNewsArticleViewsCountUseCase.swift */; };
		8AC99C9F2628913600387615 /* GetRecentNewsArticlesUseCase.swift in Sources */ = {isa = PBXBuildFile; fileRef = 8AC99C9E2628913600387615 /* GetRecentNewsArticlesUseCase.swift */; };
		8AC99CA52628921200387615 /* NewsViewModel.swift in Sources */ = {isa = PBXBuildFile; fileRef = 8AC99CA42628921200387615 /* NewsViewModel.swift */; };
		8AC99CA82628926600387615 /* NewsActicleViewModel.swift in Sources */ = {isa = PBXBuildFile; fileRef = 8AC99CA72628926600387615 /* NewsActicleViewModel.swift */; };
		8AC99CAB2628930800387615 /* GetRecentNewsArticlesQuery.swift in Sources */ = {isa = PBXBuildFile; fileRef = 8AC99CAA2628930800387615 /* GetRecentNewsArticlesQuery.swift */; };
		8AC99CAF2628959C00387615 /* Publisher.swift in Sources */ = {isa = PBXBuildFile; fileRef = 8AC99CAE2628959C00387615 /* Publisher.swift */; };
		8AC99CB326289A7A00387615 /* NewsView.swift in Sources */ = {isa = PBXBuildFile; fileRef = 8AC99CB226289A7A00387615 /* NewsView.swift */; };
		8AC99CB626289A8400387615 /* NewsViewBuilder.swift in Sources */ = {isa = PBXBuildFile; fileRef = 8AC99CB526289A8400387615 /* NewsViewBuilder.swift */; };
		8AC99CBA262972A700387615 /* NewsArticleView.swift in Sources */ = {isa = PBXBuildFile; fileRef = 8AC99CB9262972A700387615 /* NewsArticleView.swift */; };
		8AC99CC0262973C000387615 /* GetRecentNewsArticlesQueryDefault.swift in Sources */ = {isa = PBXBuildFile; fileRef = 8AC99CBF262973C000387615 /* GetRecentNewsArticlesQueryDefault.swift */; };
		8AC99CC3262975E000387615 /* GetRecentNewsArticlesUseCaseDefault.swift in Sources */ = {isa = PBXBuildFile; fileRef = 8AC99CC2262975E000387615 /* GetRecentNewsArticlesUseCaseDefault.swift */; };
		8AC99CCA26297DC500387615 /* GetNewsArticleViewsCountUseCaseDefault.swift in Sources */ = {isa = PBXBuildFile; fileRef = 8AC99CC926297DC500387615 /* GetNewsArticleViewsCountUseCaseDefault.swift */; };
		8AC99CCD2629822E00387615 /* NewsArticleViewBuilder.swift in Sources */ = {isa = PBXBuildFile; fileRef = 8AC99CCC2629822E00387615 /* NewsArticleViewBuilder.swift */; };
/* End PBXBuildFile section */

/* Begin PBXContainerItemProxy section */
		8A312FE62660ECA800CF5A8B /* PBXContainerItemProxy */ = {
			isa = PBXContainerItemProxy;
			containerPortal = 8A697C1426243E9400EA820D /* Project object */;
			proxyType = 1;
			remoteGlobalIDString = 8A697C1B26243E9400EA820D;
			remoteInfo = AltaiCafe;
		};
		8A3130342661027800CF5A8B /* PBXContainerItemProxy */ = {
			isa = PBXContainerItemProxy;
			containerPortal = 8A697C1426243E9400EA820D /* Project object */;
			proxyType = 1;
			remoteGlobalIDString = 8A697C1B26243E9400EA820D;
			remoteInfo = AltaiCafe;
		};
/* End PBXContainerItemProxy section */

/* Begin PBXFileReference section */
		8A312FBF2660CE1B00CF5A8B /* SigninView.swift */ = {isa = PBXFileReference; lastKnownFileType = sourcecode.swift; path = SigninView.swift; sourceTree = "<group>"; };
		8A312FC12660CE2400CF5A8B /* SigninViewBuilder.swift */ = {isa = PBXFileReference; lastKnownFileType = sourcecode.swift; path = SigninViewBuilder.swift; sourceTree = "<group>"; };
		8A312FC52660D3C600CF5A8B /* InputGroup.swift */ = {isa = PBXFileReference; lastKnownFileType = sourcecode.swift; path = InputGroup.swift; sourceTree = "<group>"; };
		8A312FC72660D3CB00CF5A8B /* InputError.swift */ = {isa = PBXFileReference; lastKnownFileType = sourcecode.swift; path = InputError.swift; sourceTree = "<group>"; };
		8A312FC92660D4CA00CF5A8B /* SigninViewModel.swift */ = {isa = PBXFileReference; lastKnownFileType = sourcecode.swift; path = SigninViewModel.swift; sourceTree = "<group>"; };
		8A312FCB2660D52300CF5A8B /* SigninDraft.swift */ = {isa = PBXFileReference; lastKnownFileType = sourcecode.swift; path = SigninDraft.swift; sourceTree = "<group>"; };
		8A312FCF2660DFA400CF5A8B /* ValidateEmailUseCase.swift */ = {isa = PBXFileReference; lastKnownFileType = sourcecode.swift; path = ValidateEmailUseCase.swift; sourceTree = "<group>"; };
		8A312FD12660DFAD00CF5A8B /* ValidateLoginUseCase.swift */ = {isa = PBXFileReference; lastKnownFileType = sourcecode.swift; path = ValidateLoginUseCase.swift; sourceTree = "<group>"; };
		8A312FD32660DFB800CF5A8B /* ValidatePasswordUseCase.swift */ = {isa = PBXFileReference; lastKnownFileType = sourcecode.swift; path = ValidatePasswordUseCase.swift; sourceTree = "<group>"; };
		8A312FD52660DFD600CF5A8B /* ValidatePasswordsUseCase.swift */ = {isa = PBXFileReference; lastKnownFileType = sourcecode.swift; path = ValidatePasswordsUseCase.swift; sourceTree = "<group>"; };
		8A312FDB2660E71E00CF5A8B /* SigninUseCase.swift */ = {isa = PBXFileReference; lastKnownFileType = sourcecode.swift; path = SigninUseCase.swift; sourceTree = "<group>"; };
		8A312FE12660ECA800CF5A8B /* AltaiCafeUITests.xctest */ = {isa = PBXFileReference; explicitFileType = wrapper.cfbundle; includeInIndex = 0; path = AltaiCafeUITests.xctest; sourceTree = BUILT_PRODUCTS_DIR; };
		8A312FE32660ECA800CF5A8B /* AltaiCafeUITests.swift */ = {isa = PBXFileReference; lastKnownFileType = sourcecode.swift; path = AltaiCafeUITests.swift; sourceTree = "<group>"; };
		8A312FE52660ECA800CF5A8B /* Info.plist */ = {isa = PBXFileReference; lastKnownFileType = text.plist.xml; path = Info.plist; sourceTree = "<group>"; };
		8A312FED2660ED1300CF5A8B /* ValidateEmailUseCaseTests.swift */ = {isa = PBXFileReference; lastKnownFileType = sourcecode.swift; path = ValidateEmailUseCaseTests.swift; sourceTree = "<group>"; };
		8A31302F2661027800CF5A8B /* AltaiCafeTests.xctest */ = {isa = PBXFileReference; explicitFileType = wrapper.cfbundle; includeInIndex = 0; path = AltaiCafeTests.xctest; sourceTree = BUILT_PRODUCTS_DIR; };
		8A3130312661027800CF5A8B /* AltaiCafeTests.swift */ = {isa = PBXFileReference; lastKnownFileType = sourcecode.swift; path = AltaiCafeTests.swift; sourceTree = "<group>"; };
		8A3130332661027800CF5A8B /* Info.plist */ = {isa = PBXFileReference; lastKnownFileType = text.plist.xml; path = Info.plist; sourceTree = "<group>"; };
		8A31303A2661032F00CF5A8B /* SigninViewModelTests.swift */ = {isa = PBXFileReference; lastKnownFileType = sourcecode.swift; path = SigninViewModelTests.swift; sourceTree = "<group>"; };
		8A31303C2661093400CF5A8B /* SigninQuery.swift */ = {isa = PBXFileReference; lastKnownFileType = sourcecode.swift; path = SigninQuery.swift; sourceTree = "<group>"; };
		8A31303E2661097000CF5A8B /* SigninQueryDefault.swift */ = {isa = PBXFileReference; lastKnownFileType = sourcecode.swift; path = SigninQueryDefault.swift; sourceTree = "<group>"; };
		8A31304026610C4D00CF5A8B /* SendAnalyticsUseCase.swift */ = {isa = PBXFileReference; lastKnownFileType = sourcecode.swift; path = SendAnalyticsUseCase.swift; sourceTree = "<group>"; };
		8A4CAC2C263965ED00D163A4 /* ForEachBuilder.swift */ = {isa = PBXFileReference; lastKnownFileType = sourcecode.swift; path = ForEachBuilder.swift; sourceTree = "<group>"; };
		8A4CAC4026397A4F00D163A4 /* ArticlesDataStorage.swift */ = {isa = PBXFileReference; lastKnownFileType = sourcecode.swift; path = ArticlesDataStorage.swift; sourceTree = "<group>"; };
		8A4CAC42263AA9FF00D163A4 /* GetNewsArticleViewsCountQuery.swift */ = {isa = PBXFileReference; lastKnownFileType = sourcecode.swift; path = GetNewsArticleViewsCountQuery.swift; sourceTree = "<group>"; };
		8A4CAC44263AAA2100D163A4 /* GetNewsArticleCommentsCountQuery.swift */ = {isa = PBXFileReference; lastKnownFileType = sourcecode.swift; path = GetNewsArticleCommentsCountQuery.swift; sourceTree = "<group>"; };
		8A4CAC46263AAA9F00D163A4 /* GetNewsArticleCommentsCountUseCaseDefault.swift */ = {isa = PBXFileReference; lastKnownFileType = sourcecode.swift; path = GetNewsArticleCommentsCountUseCaseDefault.swift; sourceTree = "<group>"; };
		8A4CAC48263AABFA00D163A4 /* GetNewsArticleViewsCountQueryDefault.swift */ = {isa = PBXFileReference; lastKnownFileType = sourcecode.swift; path = GetNewsArticleViewsCountQueryDefault.swift; sourceTree = "<group>"; };
		8A4CAC4A263AAE0500D163A4 /* GetNewsArticleCommentsCountQueryDefault.swift */ = {isa = PBXFileReference; lastKnownFileType = sourcecode.swift; path = GetNewsArticleCommentsCountQueryDefault.swift; sourceTree = "<group>"; };
		8A697C1C26243E9400EA820D /* AltaiCafe.app */ = {isa = PBXFileReference; explicitFileType = wrapper.application; includeInIndex = 0; path = AltaiCafe.app; sourceTree = BUILT_PRODUCTS_DIR; };
		8A697C1F26243E9400EA820D /* AltaiCafeApp.swift */ = {isa = PBXFileReference; lastKnownFileType = sourcecode.swift; path = AltaiCafeApp.swift; sourceTree = "<group>"; };
		8A697C2326243E9600EA820D /* Assets.xcassets */ = {isa = PBXFileReference; lastKnownFileType = folder.assetcatalog; path = Assets.xcassets; sourceTree = "<group>"; };
		8A697C2626243E9600EA820D /* Preview Assets.xcassets */ = {isa = PBXFileReference; lastKnownFileType = folder.assetcatalog; path = "Preview Assets.xcassets"; sourceTree = "<group>"; };
		8A697C2826243E9600EA820D /* Info.plist */ = {isa = PBXFileReference; lastKnownFileType = text.plist.xml; path = Info.plist; sourceTree = "<group>"; };
		8AC99C6C26272C3C00387615 /* MenuView.swift */ = {isa = PBXFileReference; lastKnownFileType = sourcecode.swift; path = MenuView.swift; sourceTree = "<group>"; };
		8AC99C6F26272C4200387615 /* MenuViewBuilder.swift */ = {isa = PBXFileReference; lastKnownFileType = sourcecode.swift; path = MenuViewBuilder.swift; sourceTree = "<group>"; };
		8AC99C7326272C9300387615 /* ViewModel.swift */ = {isa = PBXFileReference; lastKnownFileType = sourcecode.swift; path = ViewModel.swift; sourceTree = "<group>"; };
		8AC99C7826272CB600387615 /* ViewModelable.swift */ = {isa = PBXFileReference; lastKnownFileType = sourcecode.swift; path = ViewModelable.swift; sourceTree = "<group>"; };
		8AC99C7B26272CCD00387615 /* BaseState.swift */ = {isa = PBXFileReference; lastKnownFileType = sourcecode.swift; path = BaseState.swift; sourceTree = "<group>"; };
		8AC99C922628906A00387615 /* NewsArticle.swift */ = {isa = PBXFileReference; lastKnownFileType = sourcecode.swift; path = NewsArticle.swift; sourceTree = "<group>"; };
		8AC99C95262890B000387615 /* Typealiases.swift */ = {isa = PBXFileReference; lastKnownFileType = sourcecode.swift; path = Typealiases.swift; sourceTree = "<group>"; };
		8AC99C982628910B00387615 /* GetNewsArticleCommentsCountUseCase.swift */ = {isa = PBXFileReference; lastKnownFileType = sourcecode.swift; path = GetNewsArticleCommentsCountUseCase.swift; sourceTree = "<group>"; };
		8AC99C9B2628912200387615 /* GetNewsArticleViewsCountUseCase.swift */ = {isa = PBXFileReference; lastKnownFileType = sourcecode.swift; path = GetNewsArticleViewsCountUseCase.swift; sourceTree = "<group>"; };
		8AC99C9E2628913600387615 /* GetRecentNewsArticlesUseCase.swift */ = {isa = PBXFileReference; lastKnownFileType = sourcecode.swift; path = GetRecentNewsArticlesUseCase.swift; sourceTree = "<group>"; };
		8AC99CA42628921200387615 /* NewsViewModel.swift */ = {isa = PBXFileReference; lastKnownFileType = sourcecode.swift; path = NewsViewModel.swift; sourceTree = "<group>"; };
		8AC99CA72628926600387615 /* NewsActicleViewModel.swift */ = {isa = PBXFileReference; lastKnownFileType = sourcecode.swift; path = NewsActicleViewModel.swift; sourceTree = "<group>"; };
		8AC99CAA2628930800387615 /* GetRecentNewsArticlesQuery.swift */ = {isa = PBXFileReference; lastKnownFileType = sourcecode.swift; path = GetRecentNewsArticlesQuery.swift; sourceTree = "<group>"; };
		8AC99CAE2628959C00387615 /* Publisher.swift */ = {isa = PBXFileReference; lastKnownFileType = sourcecode.swift; path = Publisher.swift; sourceTree = "<group>"; };
		8AC99CB226289A7A00387615 /* NewsView.swift */ = {isa = PBXFileReference; lastKnownFileType = sourcecode.swift; path = NewsView.swift; sourceTree = "<group>"; };
		8AC99CB526289A8400387615 /* NewsViewBuilder.swift */ = {isa = PBXFileReference; lastKnownFileType = sourcecode.swift; path = NewsViewBuilder.swift; sourceTree = "<group>"; };
		8AC99CB9262972A700387615 /* NewsArticleView.swift */ = {isa = PBXFileReference; lastKnownFileType = sourcecode.swift; path = NewsArticleView.swift; sourceTree = "<group>"; };
		8AC99CBF262973C000387615 /* GetRecentNewsArticlesQueryDefault.swift */ = {isa = PBXFileReference; lastKnownFileType = sourcecode.swift; path = GetRecentNewsArticlesQueryDefault.swift; sourceTree = "<group>"; };
		8AC99CC2262975E000387615 /* GetRecentNewsArticlesUseCaseDefault.swift */ = {isa = PBXFileReference; lastKnownFileType = sourcecode.swift; path = GetRecentNewsArticlesUseCaseDefault.swift; sourceTree = "<group>"; };
		8AC99CC926297DC500387615 /* GetNewsArticleViewsCountUseCaseDefault.swift */ = {isa = PBXFileReference; lastKnownFileType = sourcecode.swift; path = GetNewsArticleViewsCountUseCaseDefault.swift; sourceTree = "<group>"; };
		8AC99CCC2629822E00387615 /* NewsArticleViewBuilder.swift */ = {isa = PBXFileReference; lastKnownFileType = sourcecode.swift; path = NewsArticleViewBuilder.swift; sourceTree = "<group>"; };
/* End PBXFileReference section */

/* Begin PBXFrameworksBuildPhase section */
		8A312FDE2660ECA800CF5A8B /* Frameworks */ = {
			isa = PBXFrameworksBuildPhase;
			buildActionMask = 2147483647;
			files = (
			);
			runOnlyForDeploymentPostprocessing = 0;
		};
		8A31302C2661027800CF5A8B /* Frameworks */ = {
			isa = PBXFrameworksBuildPhase;
			buildActionMask = 2147483647;
			files = (
			);
			runOnlyForDeploymentPostprocessing = 0;
		};
		8A697C1926243E9400EA820D /* Frameworks */ = {
			isa = PBXFrameworksBuildPhase;
			buildActionMask = 2147483647;
			files = (
			);
			runOnlyForDeploymentPostprocessing = 0;
		};
/* End PBXFrameworksBuildPhase section */

/* Begin PBXGroup section */
		8A312FAC2660CA9900CF5A8B /* __ */ = {
			isa = PBXGroup;
			children = (
				8AC99CAD2628959100387615 /* Common */,
				8A697C3626243F0200EA820D /* Data */,
				8A697C3826243F1000EA820D /* Domain */,
				8A697C3726243F0C00EA820D /* Presentation */,
			);
			path = __;
			sourceTree = "<group>";
		};
		8A312FAD2660CAB000CF5A8B /* App */ = {
			isa = PBXGroup;
			children = (
				8A312FAE2660CAB600CF5A8B /* Data */,
				8A312FAF2660CABB00CF5A8B /* Domain */,
				8A312FB22660CCA700CF5A8B /* Presentation */,
			);
			path = App;
			sourceTree = "<group>";
		};
		8A312FAE2660CAB600CF5A8B /* Data */ = {
			isa = PBXGroup;
			children = (
				8A312FBB2660CD7F00CF5A8B /* Mappers */,
				8A312FBA2660CD7900CF5A8B /* Models */,
				8A312FB92660CD7000CF5A8B /* Queries */,
			);
			path = Data;
			sourceTree = "<group>";
		};
		8A312FAF2660CABB00CF5A8B /* Domain */ = {
			isa = PBXGroup;
			children = (
				8A312FB82660CD5A00CF5A8B /* Models */,
				8A312FB72660CD5500CF5A8B /* Queries */,
				8A312FB62660CD5000CF5A8B /* UseCases */,
				8A312FB52660CD4900CF5A8B /* ViewModels */,
			);
			path = Domain;
			sourceTree = "<group>";
		};
		8A312FB22660CCA700CF5A8B /* Presentation */ = {
			isa = PBXGroup;
			children = (
				8A312FB32660CCC900CF5A8B /* Views */,
				8A312FB42660CCD100CF5A8B /* Scenes */,
			);
			path = Presentation;
			sourceTree = "<group>";
		};
		8A312FB32660CCC900CF5A8B /* Views */ = {
			isa = PBXGroup;
			children = (
				8A312FC32660D3B600CF5A8B /* Input */,
			);
			path = Views;
			sourceTree = "<group>";
		};
		8A312FB42660CCD100CF5A8B /* Scenes */ = {
			isa = PBXGroup;
			children = (
				8A312FBC2660CDB300CF5A8B /* Signin */,
			);
			path = Scenes;
			sourceTree = "<group>";
		};
		8A312FB52660CD4900CF5A8B /* ViewModels */ = {
			isa = PBXGroup;
			children = (
				8A312FC92660D4CA00CF5A8B /* SigninViewModel.swift */,
			);
			path = ViewModels;
			sourceTree = "<group>";
		};
		8A312FB62660CD5000CF5A8B /* UseCases */ = {
			isa = PBXGroup;
			children = (
				8A312FCF2660DFA400CF5A8B /* ValidateEmailUseCase.swift */,
				8A312FD12660DFAD00CF5A8B /* ValidateLoginUseCase.swift */,
				8A312FD32660DFB800CF5A8B /* ValidatePasswordUseCase.swift */,
				8A312FD52660DFD600CF5A8B /* ValidatePasswordsUseCase.swift */,
				8A312FDB2660E71E00CF5A8B /* SigninUseCase.swift */,
				8A31304026610C4D00CF5A8B /* SendAnalyticsUseCase.swift */,
			);
			path = UseCases;
			sourceTree = "<group>";
		};
		8A312FB72660CD5500CF5A8B /* Queries */ = {
			isa = PBXGroup;
			children = (
				8A31303C2661093400CF5A8B /* SigninQuery.swift */,
			);
			path = Queries;
			sourceTree = "<group>";
		};
		8A312FB82660CD5A00CF5A8B /* Models */ = {
			isa = PBXGroup;
			children = (
				8A312FCB2660D52300CF5A8B /* SigninDraft.swift */,
			);
			path = Models;
			sourceTree = "<group>";
		};
		8A312FB92660CD7000CF5A8B /* Queries */ = {
			isa = PBXGroup;
			children = (
				8A31303E2661097000CF5A8B /* SigninQueryDefault.swift */,
			);
			path = Queries;
			sourceTree = "<group>";
		};
		8A312FBA2660CD7900CF5A8B /* Models */ = {
			isa = PBXGroup;
			children = (
			);
			path = Models;
			sourceTree = "<group>";
		};
		8A312FBB2660CD7F00CF5A8B /* Mappers */ = {
			isa = PBXGroup;
			children = (
			);
			path = Mappers;
			sourceTree = "<group>";
		};
		8A312FBC2660CDB300CF5A8B /* Signin */ = {
			isa = PBXGroup;
			children = (
				8A312FBF2660CE1B00CF5A8B /* SigninView.swift */,
				8A312FC12660CE2400CF5A8B /* SigninViewBuilder.swift */,
			);
			path = Signin;
			sourceTree = "<group>";
		};
		8A312FC32660D3B600CF5A8B /* Input */ = {
			isa = PBXGroup;
			children = (
				8A312FC52660D3C600CF5A8B /* InputGroup.swift */,
				8A312FC72660D3CB00CF5A8B /* InputError.swift */,
			);
			path = Input;
			sourceTree = "<group>";
		};
		8A312FE22660ECA800CF5A8B /* AltaiCafeUITests */ = {
			isa = PBXGroup;
			children = (
				8A312FE32660ECA800CF5A8B /* AltaiCafeUITests.swift */,
				8A312FE52660ECA800CF5A8B /* Info.plist */,
			);
			path = AltaiCafeUITests;
			sourceTree = "<group>";
		};
		8A3130302661027800CF5A8B /* AltaiCafeTests */ = {
			isa = PBXGroup;
			children = (
				8A3130312661027800CF5A8B /* AltaiCafeTests.swift */,
				8A312FED2660ED1300CF5A8B /* ValidateEmailUseCaseTests.swift */,
				8A31303A2661032F00CF5A8B /* SigninViewModelTests.swift */,
				8A3130332661027800CF5A8B /* Info.plist */,
			);
			path = AltaiCafeTests;
			sourceTree = "<group>";
		};
		8A4CAC3426396C3600D163A4 /* Arch */ = {
			isa = PBXGroup;
			children = (
				8AC99C7826272CB600387615 /* ViewModelable.swift */,
				8AC99C7B26272CCD00387615 /* BaseState.swift */,
				8AC99C7326272C9300387615 /* ViewModel.swift */,
				8A4CAC2C263965ED00D163A4 /* ForEachBuilder.swift */,
			);
			path = Arch;
			sourceTree = "<group>";
		};
		8A4CAC3D2639740500D163A4 /* MenuView */ = {
			isa = PBXGroup;
			children = (
				8AC99C6C26272C3C00387615 /* MenuView.swift */,
				8AC99C6F26272C4200387615 /* MenuViewBuilder.swift */,
			);
			path = MenuView;
			sourceTree = "<group>";
		};
		8A4CAC3E2639740F00D163A4 /* NewsView */ = {
			isa = PBXGroup;
			children = (
				8AC99CB226289A7A00387615 /* NewsView.swift */,
				8AC99CB526289A8400387615 /* NewsViewBuilder.swift */,
			);
			path = NewsView;
			sourceTree = "<group>";
		};
		8A4CAC3F2639741D00D163A4 /* NewsArticleView */ = {
			isa = PBXGroup;
			children = (
				8AC99CB9262972A700387615 /* NewsArticleView.swift */,
				8AC99CCC2629822E00387615 /* NewsArticleViewBuilder.swift */,
			);
			path = NewsArticleView;
			sourceTree = "<group>";
		};
		8A697C1326243E9400EA820D = {
			isa = PBXGroup;
			children = (
				8A697C1E26243E9400EA820D /* AltaiCafe */,
				8A312FE22660ECA800CF5A8B /* AltaiCafeUITests */,
				8A3130302661027800CF5A8B /* AltaiCafeTests */,
				8A697C1D26243E9400EA820D /* Products */,
			);
			sourceTree = "<group>";
		};
		8A697C1D26243E9400EA820D /* Products */ = {
			isa = PBXGroup;
			children = (
				8A697C1C26243E9400EA820D /* AltaiCafe.app */,
				8A312FE12660ECA800CF5A8B /* AltaiCafeUITests.xctest */,
				8A31302F2661027800CF5A8B /* AltaiCafeTests.xctest */,
			);
			name = Products;
			sourceTree = "<group>";
		};
		8A697C1E26243E9400EA820D /* AltaiCafe */ = {
			isa = PBXGroup;
			children = (
				8A312FAD2660CAB000CF5A8B /* App */,
				8A697C3926243F3100EA820D /* Others */,
			);
			path = AltaiCafe;
			sourceTree = "<group>";
		};
		8A697C2526243E9600EA820D /* Preview Content */ = {
			isa = PBXGroup;
			children = (
				8A697C2626243E9600EA820D /* Preview Assets.xcassets */,
			);
			path = "Preview Content";
			sourceTree = "<group>";
		};
		8A697C3626243F0200EA820D /* Data */ = {
			isa = PBXGroup;
			children = (
				8AC99CBE2629739B00387615 /* Mappers */,
				8AC99CBC2629738500387615 /* Models */,
				8AC99CBD2629738B00387615 /* Queries */,
			);
			path = Data;
			sourceTree = "<group>";
		};
		8A697C3726243F0C00EA820D /* Presentation */ = {
			isa = PBXGroup;
			children = (
				8A697C3F26243FA500EA820D /* Assets */,
				8A697C4026243FB400EA820D /* Views */,
				8A697C1F26243E9400EA820D /* AltaiCafeApp.swift */,
			);
			path = Presentation;
			sourceTree = "<group>";
		};
		8A697C3826243F1000EA820D /* Domain */ = {
			isa = PBXGroup;
			children = (
				8AC99C8126288FBF00387615 /* Models */,
				8AC99C8226288FC400387615 /* Queries */,
				8AC99C8326288FCE00387615 /* UseCases */,
				8AC99C8426288FDF00387615 /* ViewModels */,
			);
			path = Domain;
			sourceTree = "<group>";
		};
		8A697C3926243F3100EA820D /* Others */ = {
			isa = PBXGroup;
			children = (
				8A697C2826243E9600EA820D /* Info.plist */,
				8A697C2526243E9600EA820D /* Preview Content */,
				8A312FAC2660CA9900CF5A8B /* __ */,
			);
			path = Others;
			sourceTree = "<group>";
		};
		8A697C3F26243FA500EA820D /* Assets */ = {
			isa = PBXGroup;
			children = (
				8A697C2326243E9600EA820D /* Assets.xcassets */,
			);
			path = Assets;
			sourceTree = "<group>";
		};
		8A697C4026243FB400EA820D /* Views */ = {
			isa = PBXGroup;
			children = (
				8A4CAC3D2639740500D163A4 /* MenuView */,
				8A4CAC3E2639740F00D163A4 /* NewsView */,
				8A4CAC3F2639741D00D163A4 /* NewsArticleView */,
			);
			path = Views;
			sourceTree = "<group>";
		};
		8AC99C8126288FBF00387615 /* Models */ = {
			isa = PBXGroup;
			children = (
				8AC99C922628906A00387615 /* NewsArticle.swift */,
			);
			path = Models;
			sourceTree = "<group>";
		};
		8AC99C8226288FC400387615 /* Queries */ = {
			isa = PBXGroup;
			children = (
				8AC99CAA2628930800387615 /* GetRecentNewsArticlesQuery.swift */,
				8A4CAC42263AA9FF00D163A4 /* GetNewsArticleViewsCountQuery.swift */,
				8A4CAC44263AAA2100D163A4 /* GetNewsArticleCommentsCountQuery.swift */,
			);
			path = Queries;
			sourceTree = "<group>";
		};
		8AC99C8326288FCE00387615 /* UseCases */ = {
			isa = PBXGroup;
			children = (
				8AC99C982628910B00387615 /* GetNewsArticleCommentsCountUseCase.swift */,
				8A4CAC46263AAA9F00D163A4 /* GetNewsArticleCommentsCountUseCaseDefault.swift */,
				8AC99C9B2628912200387615 /* GetNewsArticleViewsCountUseCase.swift */,
				8AC99CC926297DC500387615 /* GetNewsArticleViewsCountUseCaseDefault.swift */,
				8AC99C9E2628913600387615 /* GetRecentNewsArticlesUseCase.swift */,
				8AC99CC2262975E000387615 /* GetRecentNewsArticlesUseCaseDefault.swift */,
			);
			path = UseCases;
			sourceTree = "<group>";
		};
		8AC99C8426288FDF00387615 /* ViewModels */ = {
			isa = PBXGroup;
			children = (
				8AC99CA42628921200387615 /* NewsViewModel.swift */,
				8AC99CA72628926600387615 /* NewsActicleViewModel.swift */,
			);
			path = ViewModels;
			sourceTree = "<group>";
		};
		8AC99CAD2628959100387615 /* Common */ = {
			isa = PBXGroup;
			children = (
				8A4CAC3426396C3600D163A4 /* Arch */,
				8AC99C95262890B000387615 /* Typealiases.swift */,
				8AC99CAE2628959C00387615 /* Publisher.swift */,
			);
			path = Common;
			sourceTree = "<group>";
		};
		8AC99CBC2629738500387615 /* Models */ = {
			isa = PBXGroup;
			children = (
				8A4CAC4026397A4F00D163A4 /* ArticlesDataStorage.swift */,
			);
			path = Models;
			sourceTree = "<group>";
		};
		8AC99CBD2629738B00387615 /* Queries */ = {
			isa = PBXGroup;
			children = (
				8AC99CBF262973C000387615 /* GetRecentNewsArticlesQueryDefault.swift */,
				8A4CAC48263AABFA00D163A4 /* GetNewsArticleViewsCountQueryDefault.swift */,
				8A4CAC4A263AAE0500D163A4 /* GetNewsArticleCommentsCountQueryDefault.swift */,
			);
			path = Queries;
			sourceTree = "<group>";
		};
		8AC99CBE2629739B00387615 /* Mappers */ = {
			isa = PBXGroup;
			children = (
			);
			path = Mappers;
			sourceTree = "<group>";
		};
/* End PBXGroup section */

/* Begin PBXNativeTarget section */
		8A312FE02660ECA800CF5A8B /* AltaiCafeUITests */ = {
			isa = PBXNativeTarget;
			buildConfigurationList = 8A312FE82660ECA800CF5A8B /* Build configuration list for PBXNativeTarget "AltaiCafeUITests" */;
			buildPhases = (
				8A312FDD2660ECA800CF5A8B /* Sources */,
				8A312FDE2660ECA800CF5A8B /* Frameworks */,
				8A312FDF2660ECA800CF5A8B /* Resources */,
			);
			buildRules = (
			);
			dependencies = (
				8A312FE72660ECA800CF5A8B /* PBXTargetDependency */,
			);
			name = AltaiCafeUITests;
			productName = AltaiCafeUITests;
			productReference = 8A312FE12660ECA800CF5A8B /* AltaiCafeUITests.xctest */;
			productType = "com.apple.product-type.bundle.ui-testing";
		};
		8A31302E2661027800CF5A8B /* AltaiCafeTests */ = {
			isa = PBXNativeTarget;
			buildConfigurationList = 8A3130362661027800CF5A8B /* Build configuration list for PBXNativeTarget "AltaiCafeTests" */;
			buildPhases = (
				8A31302B2661027800CF5A8B /* Sources */,
				8A31302C2661027800CF5A8B /* Frameworks */,
				8A31302D2661027800CF5A8B /* Resources */,
			);
			buildRules = (
			);
			dependencies = (
				8A3130352661027800CF5A8B /* PBXTargetDependency */,
			);
			name = AltaiCafeTests;
			productName = AltaiCafeTests;
			productReference = 8A31302F2661027800CF5A8B /* AltaiCafeTests.xctest */;
			productType = "com.apple.product-type.bundle.unit-test";
		};
		8A697C1B26243E9400EA820D /* AltaiCafe */ = {
			isa = PBXNativeTarget;
			buildConfigurationList = 8A697C2B26243E9600EA820D /* Build configuration list for PBXNativeTarget "AltaiCafe" */;
			buildPhases = (
				8A697C1826243E9400EA820D /* Sources */,
				8A697C1926243E9400EA820D /* Frameworks */,
				8A697C1A26243E9400EA820D /* Resources */,
			);
			buildRules = (
			);
			dependencies = (
			);
			name = AltaiCafe;
			productName = AltaiCafe;
			productReference = 8A697C1C26243E9400EA820D /* AltaiCafe.app */;
			productType = "com.apple.product-type.application";
		};
/* End PBXNativeTarget section */

/* Begin PBXProject section */
		8A697C1426243E9400EA820D /* Project object */ = {
			isa = PBXProject;
			attributes = {
				LastSwiftUpdateCheck = 1250;
				LastUpgradeCheck = 1240;
				TargetAttributes = {
					8A312FE02660ECA800CF5A8B = {
						CreatedOnToolsVersion = 12.5;
						TestTargetID = 8A697C1B26243E9400EA820D;
					};
					8A31302E2661027800CF5A8B = {
						CreatedOnToolsVersion = 12.5;
						TestTargetID = 8A697C1B26243E9400EA820D;
					};
					8A697C1B26243E9400EA820D = {
						CreatedOnToolsVersion = 12.4;
					};
				};
			};
			buildConfigurationList = 8A697C1726243E9400EA820D /* Build configuration list for PBXProject "AltaiCafe" */;
			compatibilityVersion = "Xcode 9.3";
			developmentRegion = en;
			hasScannedForEncodings = 0;
			knownRegions = (
				en,
				Base,
			);
			mainGroup = 8A697C1326243E9400EA820D;
			productRefGroup = 8A697C1D26243E9400EA820D /* Products */;
			projectDirPath = "";
			projectRoot = "";
			targets = (
				8A697C1B26243E9400EA820D /* AltaiCafe */,
				8A312FE02660ECA800CF5A8B /* AltaiCafeUITests */,
				8A31302E2661027800CF5A8B /* AltaiCafeTests */,
			);
		};
/* End PBXProject section */

/* Begin PBXResourcesBuildPhase section */
		8A312FDF2660ECA800CF5A8B /* Resources */ = {
			isa = PBXResourcesBuildPhase;
			buildActionMask = 2147483647;
			files = (
			);
			runOnlyForDeploymentPostprocessing = 0;
		};
		8A31302D2661027800CF5A8B /* Resources */ = {
			isa = PBXResourcesBuildPhase;
			buildActionMask = 2147483647;
			files = (
			);
			runOnlyForDeploymentPostprocessing = 0;
		};
		8A697C1A26243E9400EA820D /* Resources */ = {
			isa = PBXResourcesBuildPhase;
			buildActionMask = 2147483647;
			files = (
				8A697C2726243E9600EA820D /* Preview Assets.xcassets in Resources */,
				8A697C2426243E9600EA820D /* Assets.xcassets in Resources */,
			);
			runOnlyForDeploymentPostprocessing = 0;
		};
/* End PBXResourcesBuildPhase section */

/* Begin PBXSourcesBuildPhase section */
		8A312FDD2660ECA800CF5A8B /* Sources */ = {
			isa = PBXSourcesBuildPhase;
			buildActionMask = 2147483647;
			files = (
				8A312FE42660ECA800CF5A8B /* AltaiCafeUITests.swift in Sources */,
			);
			runOnlyForDeploymentPostprocessing = 0;
		};
		8A31302B2661027800CF5A8B /* Sources */ = {
			isa = PBXSourcesBuildPhase;
			buildActionMask = 2147483647;
			files = (
				8A3130392661027C00CF5A8B /* ValidateEmailUseCaseTests.swift in Sources */,
				8A31303B2661032F00CF5A8B /* SigninViewModelTests.swift in Sources */,
				8A3130322661027800CF5A8B /* AltaiCafeTests.swift in Sources */,
			);
			runOnlyForDeploymentPostprocessing = 0;
		};
		8A697C1826243E9400EA820D /* Sources */ = {
			isa = PBXSourcesBuildPhase;
			buildActionMask = 2147483647;
			files = (
				8AC99C96262890B000387615 /* Typealiases.swift in Sources */,
				8A312FD22660DFAD00CF5A8B /* ValidateLoginUseCase.swift in Sources */,
				8A312FD42660DFB800CF5A8B /* ValidatePasswordUseCase.swift in Sources */,
				8AC99CB626289A8400387615 /* NewsViewBuilder.swift in Sources */,
				8A312FC02660CE1B00CF5A8B /* SigninView.swift in Sources */,
				8A4CAC4126397A4F00D163A4 /* ArticlesDataStorage.swift in Sources */,
				8AC99CCD2629822E00387615 /* NewsArticleViewBuilder.swift in Sources */,
				8A4CAC2D263965ED00D163A4 /* ForEachBuilder.swift in Sources */,
				8AC99CB326289A7A00387615 /* NewsView.swift in Sources */,
				8AC99CC0262973C000387615 /* GetRecentNewsArticlesQueryDefault.swift in Sources */,
				8A312FC62660D3C600CF5A8B /* InputGroup.swift in Sources */,
				8A4CAC4B263AAE0500D163A4 /* GetNewsArticleCommentsCountQueryDefault.swift in Sources */,
				8AC99C932628906A00387615 /* NewsArticle.swift in Sources */,
				8AC99CA82628926600387615 /* NewsActicleViewModel.swift in Sources */,
				8A697C2026243E9400EA820D /* AltaiCafeApp.swift in Sources */,
				8A312FDC2660E71E00CF5A8B /* SigninUseCase.swift in Sources */,
				8A312FC82660D3CB00CF5A8B /* InputError.swift in Sources */,
				8AC99CAB2628930800387615 /* GetRecentNewsArticlesQuery.swift in Sources */,
				8A4CAC43263AA9FF00D163A4 /* GetNewsArticleViewsCountQuery.swift in Sources */,
				8A312FD02660DFA400CF5A8B /* ValidateEmailUseCase.swift in Sources */,
				8AC99C6D26272C3C00387615 /* MenuView.swift in Sources */,
				8AC99C7C26272CCD00387615 /* BaseState.swift in Sources */,
				8AC99C7926272CB600387615 /* ViewModelable.swift in Sources */,
				8AC99C992628910B00387615 /* GetNewsArticleCommentsCountUseCase.swift in Sources */,
				8AC99CAF2628959C00387615 /* Publisher.swift in Sources */,
				8A31304126610C4D00CF5A8B /* SendAnalyticsUseCase.swift in Sources */,
				8A312FCC2660D52300CF5A8B /* SigninDraft.swift in Sources */,
				8A312FD62660DFD600CF5A8B /* ValidatePasswordsUseCase.swift in Sources */,
				8AC99CA52628921200387615 /* NewsViewModel.swift in Sources */,
				8A31303F2661097000CF5A8B /* SigninQueryDefault.swift in Sources */,
				8AC99C9F2628913600387615 /* GetRecentNewsArticlesUseCase.swift in Sources */,
				8AC99CCA26297DC500387615 /* GetNewsArticleViewsCountUseCaseDefault.swift in Sources */,
				8A312FCA2660D4CA00CF5A8B /* SigninViewModel.swift in Sources */,
				8A4CAC49263AABFA00D163A4 /* GetNewsArticleViewsCountQueryDefault.swift in Sources */,
				8A31303D2661093400CF5A8B /* SigninQuery.swift in Sources */,
				8AC99CBA262972A700387615 /* NewsArticleView.swift in Sources */,
				8A4CAC45263AAA2100D163A4 /* GetNewsArticleCommentsCountQuery.swift in Sources */,
				8AC99C9C2628912200387615 /* GetNewsArticleViewsCountUseCase.swift in Sources */,
				8AC99C7426272C9300387615 /* ViewModel.swift in Sources */,
				8AC99C7026272C4200387615 /* MenuViewBuilder.swift in Sources */,
				8A312FC22660CE2400CF5A8B /* SigninViewBuilder.swift in Sources */,
				8A4CAC47263AAA9F00D163A4 /* GetNewsArticleCommentsCountUseCaseDefault.swift in Sources */,
				8AC99CC3262975E000387615 /* GetRecentNewsArticlesUseCaseDefault.swift in Sources */,
			);
			runOnlyForDeploymentPostprocessing = 0;
		};
/* End PBXSourcesBuildPhase section */

/* Begin PBXTargetDependency section */
		8A312FE72660ECA800CF5A8B /* PBXTargetDependency */ = {
			isa = PBXTargetDependency;
			target = 8A697C1B26243E9400EA820D /* AltaiCafe */;
			targetProxy = 8A312FE62660ECA800CF5A8B /* PBXContainerItemProxy */;
		};
		8A3130352661027800CF5A8B /* PBXTargetDependency */ = {
			isa = PBXTargetDependency;
			target = 8A697C1B26243E9400EA820D /* AltaiCafe */;
			targetProxy = 8A3130342661027800CF5A8B /* PBXContainerItemProxy */;
		};
/* End PBXTargetDependency section */

/* Begin XCBuildConfiguration section */
		8A312FE92660ECA800CF5A8B /* Debug */ = {
			isa = XCBuildConfiguration;
			buildSettings = {
				CODE_SIGN_STYLE = Automatic;
				INFOPLIST_FILE = AltaiCafeUITests/Info.plist;
				IPHONEOS_DEPLOYMENT_TARGET = 14.5;
				LD_RUNPATH_SEARCH_PATHS = (
					"$(inherited)",
					"@executable_path/Frameworks",
					"@loader_path/Frameworks",
				);
				PRODUCT_BUNDLE_IDENTIFIER = com.baevra.AltaiCafeUITests;
				PRODUCT_NAME = "$(TARGET_NAME)";
				SWIFT_VERSION = 5.0;
				TARGETED_DEVICE_FAMILY = "1,2";
				TEST_TARGET_NAME = AltaiCafe;
			};
			name = Debug;
		};
		8A312FEA2660ECA800CF5A8B /* Release */ = {
			isa = XCBuildConfiguration;
			buildSettings = {
				CODE_SIGN_STYLE = Automatic;
				INFOPLIST_FILE = AltaiCafeUITests/Info.plist;
				IPHONEOS_DEPLOYMENT_TARGET = 14.5;
				LD_RUNPATH_SEARCH_PATHS = (
					"$(inherited)",
					"@executable_path/Frameworks",
					"@loader_path/Frameworks",
				);
				PRODUCT_BUNDLE_IDENTIFIER = com.baevra.AltaiCafeUITests;
				PRODUCT_NAME = "$(TARGET_NAME)";
				SWIFT_VERSION = 5.0;
				TARGETED_DEVICE_FAMILY = "1,2";
				TEST_TARGET_NAME = AltaiCafe;
			};
			name = Release;
		};
		8A3130372661027800CF5A8B /* Debug */ = {
			isa = XCBuildConfiguration;
			buildSettings = {
				BUNDLE_LOADER = "$(TEST_HOST)";
				CODE_SIGN_STYLE = Automatic;
				INFOPLIST_FILE = AltaiCafeTests/Info.plist;
				IPHONEOS_DEPLOYMENT_TARGET = 14.5;
				LD_RUNPATH_SEARCH_PATHS = (
					"$(inherited)",
					"@executable_path/Frameworks",
					"@loader_path/Frameworks",
				);
				PRODUCT_BUNDLE_IDENTIFIER = com.baevra.AltaiCafeTests;
				PRODUCT_NAME = "$(TARGET_NAME)";
				SWIFT_VERSION = 5.0;
				TARGETED_DEVICE_FAMILY = "1,2";
				TEST_HOST = "$(BUILT_PRODUCTS_DIR)/AltaiCafe.app/AltaiCafe";
			};
			name = Debug;
		};
		8A3130382661027800CF5A8B /* Release */ = {
			isa = XCBuildConfiguration;
			buildSettings = {
				BUNDLE_LOADER = "$(TEST_HOST)";
				CODE_SIGN_STYLE = Automatic;
				INFOPLIST_FILE = AltaiCafeTests/Info.plist;
				IPHONEOS_DEPLOYMENT_TARGET = 14.5;
				LD_RUNPATH_SEARCH_PATHS = (
					"$(inherited)",
					"@executable_path/Frameworks",
					"@loader_path/Frameworks",
				);
				PRODUCT_BUNDLE_IDENTIFIER = com.baevra.AltaiCafeTests;
				PRODUCT_NAME = "$(TARGET_NAME)";
				SWIFT_VERSION = 5.0;
				TARGETED_DEVICE_FAMILY = "1,2";
				TEST_HOST = "$(BUILT_PRODUCTS_DIR)/AltaiCafe.app/AltaiCafe";
			};
			name = Release;
		};
		8A697C2926243E9600EA820D /* Debug */ = {
			isa = XCBuildConfiguration;
			buildSettings = {
				ALWAYS_SEARCH_USER_PATHS = NO;
				CLANG_ANALYZER_NONNULL = YES;
				CLANG_ANALYZER_NUMBER_OBJECT_CONVERSION = YES_AGGRESSIVE;
				CLANG_CXX_LANGUAGE_STANDARD = "gnu++14";
				CLANG_CXX_LIBRARY = "libc++";
				CLANG_ENABLE_MODULES = YES;
				CLANG_ENABLE_OBJC_ARC = YES;
				CLANG_ENABLE_OBJC_WEAK = YES;
				CLANG_WARN_BLOCK_CAPTURE_AUTORELEASING = YES;
				CLANG_WARN_BOOL_CONVERSION = YES;
				CLANG_WARN_COMMA = YES;
				CLANG_WARN_CONSTANT_CONVERSION = YES;
				CLANG_WARN_DEPRECATED_OBJC_IMPLEMENTATIONS = YES;
				CLANG_WARN_DIRECT_OBJC_ISA_USAGE = YES_ERROR;
				CLANG_WARN_DOCUMENTATION_COMMENTS = YES;
				CLANG_WARN_EMPTY_BODY = YES;
				CLANG_WARN_ENUM_CONVERSION = YES;
				CLANG_WARN_INFINITE_RECURSION = YES;
				CLANG_WARN_INT_CONVERSION = YES;
				CLANG_WARN_NON_LITERAL_NULL_CONVERSION = YES;
				CLANG_WARN_OBJC_IMPLICIT_RETAIN_SELF = YES;
				CLANG_WARN_OBJC_LITERAL_CONVERSION = YES;
				CLANG_WARN_OBJC_ROOT_CLASS = YES_ERROR;
				CLANG_WARN_QUOTED_INCLUDE_IN_FRAMEWORK_HEADER = YES;
				CLANG_WARN_RANGE_LOOP_ANALYSIS = YES;
				CLANG_WARN_STRICT_PROTOTYPES = YES;
				CLANG_WARN_SUSPICIOUS_MOVE = YES;
				CLANG_WARN_UNGUARDED_AVAILABILITY = YES_AGGRESSIVE;
				CLANG_WARN_UNREACHABLE_CODE = YES;
				CLANG_WARN__DUPLICATE_METHOD_MATCH = YES;
				COPY_PHASE_STRIP = NO;
				DEBUG_INFORMATION_FORMAT = dwarf;
				ENABLE_STRICT_OBJC_MSGSEND = YES;
				ENABLE_TESTABILITY = YES;
				GCC_C_LANGUAGE_STANDARD = gnu11;
				GCC_DYNAMIC_NO_PIC = NO;
				GCC_NO_COMMON_BLOCKS = YES;
				GCC_OPTIMIZATION_LEVEL = 0;
				GCC_PREPROCESSOR_DEFINITIONS = (
					"DEBUG=1",
					"$(inherited)",
				);
				GCC_WARN_64_TO_32_BIT_CONVERSION = YES;
				GCC_WARN_ABOUT_RETURN_TYPE = YES_ERROR;
				GCC_WARN_UNDECLARED_SELECTOR = YES;
				GCC_WARN_UNINITIALIZED_AUTOS = YES_AGGRESSIVE;
				GCC_WARN_UNUSED_FUNCTION = YES;
				GCC_WARN_UNUSED_VARIABLE = YES;
				IPHONEOS_DEPLOYMENT_TARGET = 14.4;
				MTL_ENABLE_DEBUG_INFO = INCLUDE_SOURCE;
				MTL_FAST_MATH = YES;
				ONLY_ACTIVE_ARCH = YES;
				SDKROOT = iphoneos;
				SWIFT_ACTIVE_COMPILATION_CONDITIONS = DEBUG;
				SWIFT_OPTIMIZATION_LEVEL = "-Onone";
			};
			name = Debug;
		};
		8A697C2A26243E9600EA820D /* Release */ = {
			isa = XCBuildConfiguration;
			buildSettings = {
				ALWAYS_SEARCH_USER_PATHS = NO;
				CLANG_ANALYZER_NONNULL = YES;
				CLANG_ANALYZER_NUMBER_OBJECT_CONVERSION = YES_AGGRESSIVE;
				CLANG_CXX_LANGUAGE_STANDARD = "gnu++14";
				CLANG_CXX_LIBRARY = "libc++";
				CLANG_ENABLE_MODULES = YES;
				CLANG_ENABLE_OBJC_ARC = YES;
				CLANG_ENABLE_OBJC_WEAK = YES;
				CLANG_WARN_BLOCK_CAPTURE_AUTORELEASING = YES;
				CLANG_WARN_BOOL_CONVERSION = YES;
				CLANG_WARN_COMMA = YES;
				CLANG_WARN_CONSTANT_CONVERSION = YES;
				CLANG_WARN_DEPRECATED_OBJC_IMPLEMENTATIONS = YES;
				CLANG_WARN_DIRECT_OBJC_ISA_USAGE = YES_ERROR;
				CLANG_WARN_DOCUMENTATION_COMMENTS = YES;
				CLANG_WARN_EMPTY_BODY = YES;
				CLANG_WARN_ENUM_CONVERSION = YES;
				CLANG_WARN_INFINITE_RECURSION = YES;
				CLANG_WARN_INT_CONVERSION = YES;
				CLANG_WARN_NON_LITERAL_NULL_CONVERSION = YES;
				CLANG_WARN_OBJC_IMPLICIT_RETAIN_SELF = YES;
				CLANG_WARN_OBJC_LITERAL_CONVERSION = YES;
				CLANG_WARN_OBJC_ROOT_CLASS = YES_ERROR;
				CLANG_WARN_QUOTED_INCLUDE_IN_FRAMEWORK_HEADER = YES;
				CLANG_WARN_RANGE_LOOP_ANALYSIS = YES;
				CLANG_WARN_STRICT_PROTOTYPES = YES;
				CLANG_WARN_SUSPICIOUS_MOVE = YES;
				CLANG_WARN_UNGUARDED_AVAILABILITY = YES_AGGRESSIVE;
				CLANG_WARN_UNREACHABLE_CODE = YES;
				CLANG_WARN__DUPLICATE_METHOD_MATCH = YES;
				COPY_PHASE_STRIP = NO;
				DEBUG_INFORMATION_FORMAT = "dwarf-with-dsym";
				ENABLE_NS_ASSERTIONS = NO;
				ENABLE_STRICT_OBJC_MSGSEND = YES;
				GCC_C_LANGUAGE_STANDARD = gnu11;
				GCC_NO_COMMON_BLOCKS = YES;
				GCC_WARN_64_TO_32_BIT_CONVERSION = YES;
				GCC_WARN_ABOUT_RETURN_TYPE = YES_ERROR;
				GCC_WARN_UNDECLARED_SELECTOR = YES;
				GCC_WARN_UNINITIALIZED_AUTOS = YES_AGGRESSIVE;
				GCC_WARN_UNUSED_FUNCTION = YES;
				GCC_WARN_UNUSED_VARIABLE = YES;
				IPHONEOS_DEPLOYMENT_TARGET = 14.4;
				MTL_ENABLE_DEBUG_INFO = NO;
				MTL_FAST_MATH = YES;
				SDKROOT = iphoneos;
				SWIFT_COMPILATION_MODE = wholemodule;
				SWIFT_OPTIMIZATION_LEVEL = "-O";
				VALIDATE_PRODUCT = YES;
			};
			name = Release;
		};
		8A697C2C26243E9600EA820D /* Debug */ = {
			isa = XCBuildConfiguration;
			buildSettings = {
				ASSETCATALOG_COMPILER_APPICON_NAME = AppIcon;
				ASSETCATALOG_COMPILER_GLOBAL_ACCENT_COLOR_NAME = AccentColor;
				CODE_SIGN_STYLE = Automatic;
				DEVELOPMENT_ASSET_PATHS = "\"AltaiCafe/Others/Preview Content\"";
				DEVELOPMENT_TEAM = "";
				ENABLE_PREVIEWS = YES;
				INFOPLIST_FILE = AltaiCafe/Others/Info.plist;
				IPHONEOS_DEPLOYMENT_TARGET = 14.0;
				LD_RUNPATH_SEARCH_PATHS = (
					"$(inherited)",
					"@executable_path/Frameworks",
				);
				PRODUCT_BUNDLE_IDENTIFIER = com.baevra.AltaiCafe;
				PRODUCT_NAME = "$(TARGET_NAME)";
				SWIFT_VERSION = 5.0;
				TARGETED_DEVICE_FAMILY = "1,2";
			};
			name = Debug;
		};
		8A697C2D26243E9600EA820D /* Release */ = {
			isa = XCBuildConfiguration;
			buildSettings = {
				ASSETCATALOG_COMPILER_APPICON_NAME = AppIcon;
				ASSETCATALOG_COMPILER_GLOBAL_ACCENT_COLOR_NAME = AccentColor;
				CODE_SIGN_STYLE = Automatic;
				DEVELOPMENT_ASSET_PATHS = "\"AltaiCafe/Others/Preview Content\"";
				DEVELOPMENT_TEAM = "";
				ENABLE_PREVIEWS = YES;
				INFOPLIST_FILE = AltaiCafe/Others/Info.plist;
				IPHONEOS_DEPLOYMENT_TARGET = 14.0;
				LD_RUNPATH_SEARCH_PATHS = (
					"$(inherited)",
					"@executable_path/Frameworks",
				);
				PRODUCT_BUNDLE_IDENTIFIER = com.baevra.AltaiCafe;
				PRODUCT_NAME = "$(TARGET_NAME)";
				SWIFT_VERSION = 5.0;
				TARGETED_DEVICE_FAMILY = "1,2";
			};
			name = Release;
		};
/* End XCBuildConfiguration section */

/* Begin XCConfigurationList section */
		8A312FE82660ECA800CF5A8B /* Build configuration list for PBXNativeTarget "AltaiCafeUITests" */ = {
			isa = XCConfigurationList;
			buildConfigurations = (
				8A312FE92660ECA800CF5A8B /* Debug */,
				8A312FEA2660ECA800CF5A8B /* Release */,
			);
			defaultConfigurationIsVisible = 0;
			defaultConfigurationName = Release;
		};
		8A3130362661027800CF5A8B /* Build configuration list for PBXNativeTarget "AltaiCafeTests" */ = {
			isa = XCConfigurationList;
			buildConfigurations = (
				8A3130372661027800CF5A8B /* Debug */,
				8A3130382661027800CF5A8B /* Release */,
			);
			defaultConfigurationIsVisible = 0;
			defaultConfigurationName = Release;
		};
		8A697C1726243E9400EA820D /* Build configuration list for PBXProject "AltaiCafe" */ = {
			isa = XCConfigurationList;
			buildConfigurations = (
				8A697C2926243E9600EA820D /* Debug */,
				8A697C2A26243E9600EA820D /* Release */,
			);
			defaultConfigurationIsVisible = 0;
			defaultConfigurationName = Release;
		};
		8A697C2B26243E9600EA820D /* Build configuration list for PBXNativeTarget "AltaiCafe" */ = {
			isa = XCConfigurationList;
			buildConfigurations = (
				8A697C2C26243E9600EA820D /* Debug */,
				8A697C2D26243E9600EA820D /* Release */,
			);
			defaultConfigurationIsVisible = 0;
			defaultConfigurationName = Release;
		};
/* End XCConfigurationList section */
	};
	rootObject = 8A697C1426243E9400EA820D /* Project object */;
}
